
Microsoft Visual Studio Solution File, Format Version 12.00
# Visual Studio 15
Project("{FAE04EC0-301F-11D3-BF4B-00C04F79EFBC}") = "Assembly-CSharp", "Assembly-CSharp.csproj", "{0C05B91B-41DE-851D-D2DF-FB2D740EF7BB}"
EndProject
Project("{FAE04EC0-301F-11D3-BF4B-00C04F79EFBC}") = "Assembly-CSharp-Editor", "Assembly-CSharp-Editor.csproj", "{C7F7906D-8BAD-B47A-3697-548420426E76}"
EndProject
Global
	GlobalSection(SolutionConfigurationPlatforms) = preSolution
		Debug|Any CPU = Debug|Any CPU
		Release|Any CPU = Release|Any CPU
	EndGlobalSection
	GlobalSection(ProjectConfigurationPlatforms) = postSolution
		{0C05B91B-41DE-851D-D2DF-FB2D740EF7BB}.Debug|Any CPU.ActiveCfg = Debug|Any CPU
		{0C05B91B-41DE-851D-D2DF-FB2D740EF7BB}.Debug|Any CPU.Build.0 = Debug|Any CPU
		{0C05B91B-41DE-851D-D2DF-FB2D740EF7BB}.Release|Any CPU.ActiveCfg = Release|Any CPU
		{0C05B91B-41DE-851D-D2DF-FB2D740EF7BB}.Release|Any CPU.Build.0 = Release|Any CPU
		{C7F7906D-8BAD-B47A-3697-548420426E76}.Debug|Any CPU.ActiveCfg = Debug|Any CPU
		{C7F7906D-8BAD-B47A-3697-548420426E76}.Debug|Any CPU.Build.0 = Debug|Any CPU
		{C7F7906D-8BAD-B47A-3697-548420426E76}.Release|Any CPU.ActiveCfg = Release|Any CPU
		{C7F7906D-8BAD-B47A-3697-548420426E76}.Release|Any CPU.Build.0 = Release|Any CPU
	EndGlobalSection
	GlobalSection(SolutionProperties) = preSolution
		HideSolutionNode = FALSE
	EndGlobalSection
EndGlobal
